
Microsoft Visual Studio Solution File, Format Version 12.00
# Visual Studio Version 16
VisualStudioVersion = 16.0.31025.194
MinimumVisualStudioVersion = 10.0.40219.1
Project("{9A19103F-16F7-4668-BE54-9A1E7A4F7556}") = "ContactApp", "ContactApp.csproj", "{8D2D75E0-E655-4AAB-904B-A2CCF27A309B}"
EndProject
Global
	GlobalSection(SolutionConfigurationPlatforms) = preSolution
		Debug|Any CPU = Debug|Any CPU
		Release|Any CPU = Release|Any CPU
	EndGlobalSection
	GlobalSection(ProjectConfigurationPlatforms) = postSolution
		{8D2D75E0-E655-4AAB-904B-A2CCF27A309B}.Debug|Any CPU.ActiveCfg = Debug|Any CPU
		{8D2D75E0-E655-4AAB-904B-A2CCF27A309B}.Debug|Any CPU.Build.0 = Debug|Any CPU
		{8D2D75E0-E655-4AAB-904B-A2CCF27A309B}.Release|Any CPU.ActiveCfg = Release|Any CPU
		{8D2D75E0-E655-4AAB-904B-A2CCF27A309B}.Release|Any CPU.Build.0 = Release|Any CPU
	EndGlobalSection
	GlobalSection(SolutionProperties) = preSolution
		HideSolutionNode = FALSE
	EndGlobalSection
	GlobalSection(ExtensibilityGlobals) = postSolution
		SolutionGuid = {A5E07A4B-8CDB-4780-8A0C-52ED0CFE1136}
	EndGlobalSection
EndGlobal
